// !$*UTF8*$!
{
	archiveVersion = 1;
	classes = {
	};
	objectVersion = 46;
	objects = {

/* Begin PBXBuildFile section */
		18DBD77B1A314A2600AF3E4D /* main.m in Sources */ = {isa = PBXBuildFile; fileRef = 18DBD77A1A314A2600AF3E4D /* main.m */; };
		18DBD77E1A314A2600AF3E4D /* AppDelegate.m in Sources */ = {isa = PBXBuildFile; fileRef = 18DBD77D1A314A2600AF3E4D /* AppDelegate.m */; };
		18DBD7811A314A2600AF3E4D /* ViewController.m in Sources */ = {isa = PBXBuildFile; fileRef = 18DBD7801A314A2600AF3E4D /* ViewController.m */; };
		18DBD7841A314A2600AF3E4D /* Main.storyboard in Resources */ = {isa = PBXBuildFile; fileRef = 18DBD7821A314A2600AF3E4D /* Main.storyboard */; };
		18DBD7861A314A2600AF3E4D /* Images.xcassets in Resources */ = {isa = PBXBuildFile; fileRef = 18DBD7851A314A2600AF3E4D /* Images.xcassets */; };
		18DBD7891A314A2600AF3E4D /* LaunchScreen.xib in Resources */ = {isa = PBXBuildFile; fileRef = 18DBD7871A314A2600AF3E4D /* LaunchScreen.xib */; };
		18DBD7951A314A2600AF3E4D /* LazyLoadImageWithSDTests.m in Sources */ = {isa = PBXBuildFile; fileRef = 18DBD7941A314A2600AF3E4D /* LazyLoadImageWithSDTests.m */; };
/* End PBXBuildFile section */

/* Begin PBXContainerItemProxy section */
		18DBD78F1A314A2600AF3E4D /* PBXContainerItemProxy */ = {
			isa = PBXContainerItemProxy;
			containerPortal = 18DBD76D1A314A2500AF3E4D /* Project object */;
			proxyType = 1;
			remoteGlobalIDString = 18DBD7741A314A2500AF3E4D;
			remoteInfo = LazyLoadImageWithSD;
		};
/* End PBXContainerItemProxy section */

/* Begin PBXFileReference section */
		18DBD7751A314A2500AF3E4D /* LazyLoadImageWithSD.app */ = {isa = PBXFileReference; explicitFileType = wrapper.application; includeInIndex = 0; path = LazyLoadImageWithSD.app; sourceTree = BUILT_PRODUCTS_DIR; };
		18DBD7791A314A2600AF3E4D /* Info.plist */ = {isa = PBXFileReference; lastKnownFileType = text.plist.xml; path = Info.plist; sourceTree = "<group>"; };
		18DBD77A1A314A2600AF3E4D /* main.m */ = {isa = PBXFileReference; lastKnownFileType = sourcecode.c.objc; path = main.m; sourceTree = "<group>"; };
		18DBD77C1A314A2600AF3E4D /* AppDelegate.h */ = {isa = PBXFileReference; lastKnownFileType = sourcecode.c.h; path = AppDelegate.h; sourceTree = "<group>"; };
		18DBD77D1A314A2600AF3E4D /* AppDelegate.m */ = {isa = PBXFileReference; lastKnownFileType = sourcecode.c.objc; path = AppDelegate.m; sourceTree = "<group>"; };
		18DBD77F1A314A2600AF3E4D /* ViewController.h */ = {isa = PBXFileReference; lastKnownFileType = sourcecode.c.h; path = ViewController.h; sourceTree = "<group>"; };
		18DBD7801A314A2600AF3E4D /* ViewController.m */ = {isa = PBXFileReference; lastKnownFileType = sourcecode.c.objc; path = ViewController.m; sourceTree = "<group>"; };
		18DBD7831A314A2600AF3E4D /* Base */ = {isa = PBXFileReference; lastKnownFileType = file.storyboard; name = Base; path = Base.lproj/Main.storyboard; sourceTree = "<group>"; };
		18DBD7851A314A2600AF3E4D /* Images.xcassets */ = {isa = PBXFileReference; lastKnownFileType = folder.assetcatalog; path = Images.xcassets; sourceTree = "<group>"; };
		18DBD7881A314A2600AF3E4D /* Base */ = {isa = PBXFileReference; lastKnownFileType = file.xib; name = Base; path = Base.lproj/LaunchScreen.xib; sourceTree = "<group>"; };
		18DBD78E1A314A2600AF3E4D /* LazyLoadImageWithSDTests.xctest */ = {isa = PBXFileReference; explicitFileType = wrapper.cfbundle; includeInIndex = 0; path = LazyLoadImageWithSDTests.xctest; sourceTree = BUILT_PRODUCTS_DIR; };
		18DBD7931A314A2600AF3E4D /* Info.plist */ = {isa = PBXFileReference; lastKnownFileType = text.plist.xml; path = Info.plist; sourceTree = "<group>"; };
		18DBD7941A314A2600AF3E4D /* LazyLoadImageWithSDTests.m */ = {isa = PBXFileReference; lastKnownFileType = sourcecode.c.objc; path = LazyLoadImageWithSDTests.m; sourceTree = "<group>"; };
/* End PBXFileReference section */

/* Begin PBXFrameworksBuildPhase section */
		18DBD7721A314A2500AF3E4D /* Frameworks */ = {
			isa = PBXFrameworksBuildPhase;
			buildActionMask = 2147483647;
			files = (
			);
			runOnlyForDeploymentPostprocessing = 0;
		};
		18DBD78B1A314A2600AF3E4D /* Frameworks */ = {
			isa = PBXFrameworksBuildPhase;
			buildActionMask = 2147483647;
			files = (
			);
			runOnlyForDeploymentPostprocessing = 0;
		};
/* End PBXFrameworksBuildPhase section */

/* Begin PBXGroup section */
		18DBD76C1A314A2500AF3E4D = {
			isa = PBXGroup;
			children = (
				18DBD7771A314A2500AF3E4D /* LazyLoadImageWithSD */,
				18DBD7911A314A2600AF3E4D /* LazyLoadImageWithSDTests */,
				18DBD7761A314A2500AF3E4D /* Products */,
			);
			sourceTree = "<group>";
		};
		18DBD7761A314A2500AF3E4D /* Products */ = {
			isa = PBXGroup;
			children = (
				18DBD7751A314A2500AF3E4D /* LazyLoadImageWithSD.app */,
				18DBD78E1A314A2600AF3E4D /* LazyLoadImageWithSDTests.xctest */,
			);
			name = Products;
			sourceTree = "<group>";
		};
		18DBD7771A314A2500AF3E4D /* LazyLoadImageWithSD */ = {
			isa = PBXGroup;
			children = (
				18DBD77C1A314A2600AF3E4D /* AppDelegate.h */,
				18DBD77D1A314A2600AF3E4D /* AppDelegate.m */,
				18DBD77F1A314A2600AF3E4D /* ViewController.h */,
				18DBD7801A314A2600AF3E4D /* ViewController.m */,
				18DBD7821A314A2600AF3E4D /* Main.storyboard */,
				18DBD7851A314A2600AF3E4D /* Images.xcassets */,
				18DBD7871A314A2600AF3E4D /* LaunchScreen.xib */,
				18DBD7781A314A2600AF3E4D /* Supporting Files */,
			);
			path = LazyLoadImageWithSD;
			sourceTree = "<group>";
		};
		18DBD7781A314A2600AF3E4D /* Supporting Files */ = {
			isa = PBXGroup;
			children = (
				18DBD7791A314A2600AF3E4D /* Info.plist */,
				18DBD77A1A314A2600AF3E4D /* main.m */,
			);
			name = "Supporting Files";
			sourceTree = "<group>";
		};
		18DBD7911A314A2600AF3E4D /* LazyLoadImageWithSDTests */ = {
			isa = PBXGroup;
			children = (
				18DBD7941A314A2600AF3E4D /* LazyLoadImageWithSDTests.m */,
				18DBD7921A314A2600AF3E4D /* Supporting Files */,
			);
			path = LazyLoadImageWithSDTests;
			sourceTree = "<group>";
		};
		18DBD7921A314A2600AF3E4D /* Supporting Files */ = {
			isa = PBXGroup;
			children = (
				18DBD7931A314A2600AF3E4D /* Info.plist */,
			);
			name = "Supporting Files";
			sourceTree = "<group>";
		};
/* End PBXGroup section */

/* Begin PBXNativeTarget section */
		18DBD7741A314A2500AF3E4D /* LazyLoadImageWithSD */ = {
			isa = PBXNativeTarget;
			buildConfigurationList = 18DBD7981A314A2600AF3E4D /* Build configuration list for PBXNativeTarget "LazyLoadImageWithSD" */;
			buildPhases = (
				18DBD7711A314A2500AF3E4D /* Sources */,
				18DBD7721A314A2500AF3E4D /* Frameworks */,
				18DBD7731A314A2500AF3E4D /* Resources */,
			);
			buildRules = (
			);
			dependencies = (
			);
			name = LazyLoadImageWithSD;
			productName = LazyLoadImageWithSD;
			productReference = 18DBD7751A314A2500AF3E4D /* LazyLoadImageWithSD.app */;
			productType = "com.apple.product-type.application";
		};
		18DBD78D1A314A2600AF3E4D /* LazyLoadImageWithSDTests */ = {
			isa = PBXNativeTarget;
			buildConfigurationList = 18DBD79B1A314A2600AF3E4D /* Build configuration list for PBXNativeTarget "LazyLoadImageWithSDTests" */;
			buildPhases = (
				18DBD78A1A314A2600AF3E4D /* Sources */,
				18DBD78B1A314A2600AF3E4D /* Frameworks */,
				18DBD78C1A314A2600AF3E4D /* Resources */,
			);
			buildRules = (
			);
			dependencies = (
				18DBD7901A314A2600AF3E4D /* PBXTargetDependency */,
			);
			name = LazyLoadImageWithSDTests;
			productName = LazyLoadImageWithSDTests;
			productReference = 18DBD78E1A314A2600AF3E4D /* LazyLoadImageWithSDTests.xctest */;
			productType = "com.apple.product-type.bundle.unit-test";
		};
/* End PBXNativeTarget section */

/* Begin PBXProject section */
		18DBD76D1A314A2500AF3E4D /* Project object */ = {
			isa = PBXProject;
			attributes = {
				LastUpgradeCheck = 0610;
				ORGANIZATIONNAME = Fate.D.Saber;
				TargetAttributes = {
					18DBD7741A314A2500AF3E4D = {
						CreatedOnToolsVersion = 6.1.1;
					};
					18DBD78D1A314A2600AF3E4D = {
						CreatedOnToolsVersion = 6.1.1;
						TestTargetID = 18DBD7741A314A2500AF3E4D;
					};
				};
			};
			buildConfigurationList = 18DBD7701A314A2500AF3E4D /* Build configuration list for PBXProject "LazyLoadImageWithSD" */;
			compatibilityVersion = "Xcode 3.2";
			developmentRegion = English;
			hasScannedForEncodings = 0;
			knownRegions = (
				en,
				Base,
			);
			mainGroup = 18DBD76C1A314A2500AF3E4D;
			productRefGroup = 18DBD7761A314A2500AF3E4D /* Products */;
			projectDirPath = "";
			projectRoot = "";
			targets = (
				18DBD7741A314A2500AF3E4D /* LazyLoadImageWithSD */,
				18DBD78D1A314A2600AF3E4D /* LazyLoadImageWithSDTests */,
			);
		};
/* End PBXProject section */

/* Begin PBXResourcesBuildPhase section */
		18DBD7731A314A2500AF3E4D /* Resources */ = {
			isa = PBXResourcesBuildPhase;
			buildActionMask = 2147483647;
			files = (
				18DBD7841A314A2600AF3E4D /* Main.storyboard in Resources */,
				18DBD7891A314A2600AF3E4D /* LaunchScreen.xib in Resources */,
				18DBD7861A314A2600AF3E4D /* Images.xcassets in Resources */,
			);
			runOnlyForDeploymentPostprocessing = 0;
		};
		18DBD78C1A314A2600AF3E4D /* Resources */ = {
			isa = PBXResourcesBuildPhase;
			buildActionMask = 2147483647;
			files = (
			);
			runOnlyForDeploymentPostprocessing = 0;
		};
/* End PBXResourcesBuildPhase section */

/* Begin PBXSourcesBuildPhase section */
		18DBD7711A314A2500AF3E4D /* Sources */ = {
			isa = PBXSourcesBuildPhase;
			buildActionMask = 2147483647;
			files = (
				18DBD7811A314A2600AF3E4D /* ViewController.m in Sources */,
				18DBD77E1A314A2600AF3E4D /* AppDelegate.m in Sources */,
				18DBD77B1A314A2600AF3E4D /* main.m in Sources */,
			);
			runOnlyForDeploymentPostprocessing = 0;
		};
		18DBD78A1A314A2600AF3E4D /* Sources */ = {
			isa = PBXSourcesBuildPhase;
			buildActionMask = 2147483647;
			files = (
				18DBD7951A314A2600AF3E4D /* LazyLoadImageWithSDTests.m in Sources */,
			);
			runOnlyForDeploymentPostprocessing = 0;
		};
/* End PBXSourcesBuildPhase section */

/* Begin PBXTargetDependency section */
		18DBD7901A314A2600AF3E4D /* PBXTargetDependency */ = {
			isa = PBXTargetDependency;
			target = 18DBD7741A314A2500AF3E4D /* LazyLoadImageWithSD */;
			targetProxy = 18DBD78F1A314A2600AF3E4D /* PBXContainerItemProxy */;
		};
/* End PBXTargetDependency section */

/* Begin PBXVariantGroup section */
		18DBD7821A314A2600AF3E4D /* Main.storyboard */ = {
			isa = PBXVariantGroup;
			children = (
				18DBD7831A314A2600AF3E4D /* Base */,
			);
			name = Main.storyboard;
			sourceTree = "<group>";
		};
		18DBD7871A314A2600AF3E4D /* LaunchScreen.xib */ = {
			isa = PBXVariantGroup;
			children = (
				18DBD7881A314A2600AF3E4D /* Base */,
			);
			name = LaunchScreen.xib;
			sourceTree = "<group>";
		};
/* End PBXVariantGroup section */

/* Begin XCBuildConfiguration section */
		18DBD7961A314A2600AF3E4D /* Debug */ = {
			isa = XCBuildConfiguration;
			buildSettings = {
				ALWAYS_SEARCH_USER_PATHS = NO;
				CLANG_CXX_LANGUAGE_STANDARD = "gnu++0x";
				CLANG_CXX_LIBRARY = "libc++";
				CLANG_ENABLE_MODULES = YES;
				CLANG_ENABLE_OBJC_ARC = YES;
				CLANG_WARN_BOOL_CONVERSION = YES;
				CLANG_WARN_CONSTANT_CONVERSION = YES;
				CLANG_WARN_DIRECT_OBJC_ISA_USAGE = YES_ERROR;
				CLANG_WARN_EMPTY_BODY = YES;
				CLANG_WARN_ENUM_CONVERSION = YES;
				CLANG_WARN_INT_CONVERSION = YES;
				CLANG_WARN_OBJC_ROOT_CLASS = YES_ERROR;
				CLANG_WARN_UNREACHABLE_CODE = YES;
				CLANG_WARN__DUPLICATE_METHOD_MATCH = YES;
				"CODE_SIGN_IDENTITY[sdk=iphoneos*]" = "iPhone Developer";
				COPY_PHASE_STRIP = NO;
				ENABLE_STRICT_OBJC_MSGSEND = YES;
				GCC_C_LANGUAGE_STANDARD = gnu99;
				GCC_DYNAMIC_NO_PIC = NO;
				GCC_OPTIMIZATION_LEVEL = 0;
				GCC_PREPROCESSOR_DEFINITIONS = (
					"DEBUG=1",
					"$(inherited)",
				);
				GCC_SYMBOLS_PRIVATE_EXTERN = NO;
				GCC_WARN_64_TO_32_BIT_CONVERSION = YES;
				GCC_WARN_ABOUT_RETURN_TYPE = YES_ERROR;
				GCC_WARN_UNDECLARED_SELECTOR = YES;
				GCC_WARN_UNINITIALIZED_AUTOS = YES_AGGRESSIVE;
				GCC_WARN_UNUSED_FUNCTION = YES;
				GCC_WARN_UNUSED_VARIABLE = YES;
				IPHONEOS_DEPLOYMENT_TARGET = 8.1;
				MTL_ENABLE_DEBUG_INFO = YES;
				ONLY_ACTIVE_ARCH = YES;
				SDKROOT = iphoneos;
			};
			name = Debug;
		};
		18DBD7971A314A2600AF3E4D /* Release */ = {
			isa = XCBuildConfiguration;
			buildSettings = {
				ALWAYS_SEARCH_USER_PATHS = NO;
				CLANG_CXX_LANGUAGE_STANDARD = "gnu++0x";
				CLANG_CXX_LIBRARY = "libc++";
				CLANG_ENABLE_MODULES = YES;
				CLANG_ENABLE_OBJC_ARC = YES;
				CLANG_WARN_BOOL_CONVERSION = YES;
				CLANG_WARN_CONSTANT_CONVERSION = YES;
				CLANG_WARN_DIRECT_OBJC_ISA_USAGE = YES_ERROR;
				CLANG_WARN_EMPTY_BODY = YES;
				CLANG_WARN_ENUM_CONVERSION = YES;
				CLANG_WARN_INT_CONVERSION = YES;
				CLANG_WARN_OBJC_ROOT_CLASS = YES_ERROR;
				CLANG_WARN_UNREACHABLE_CODE = YES;
				CLANG_WARN__DUPLICATE_METHOD_MATCH = YES;
				"CODE_SIGN_IDENTITY[sdk=iphoneos*]" = "iPhone Developer";
				COPY_PHASE_STRIP = YES;
				ENABLE_NS_ASSERTIONS = NO;
				ENABLE_STRICT_OBJC_MSGSEND = YES;
				GCC_C_LANGUAGE_STANDARD = gnu99;
				GCC_WARN_64_TO_32_BIT_CONVERSION = YES;
				GCC_WARN_ABOUT_RETURN_TYPE = YES_ERROR;
				GCC_WARN_UNDECLARED_SELECTOR = YES;
				GCC_WARN_UNINITIALIZED_AUTOS = YES_AGGRESSIVE;
				GCC_WARN_UNUSED_FUNCTION = YES;
				GCC_WARN_UNUSED_VARIABLE = YES;
				IPHONEOS_DEPLOYMENT_TARGET = 8.1;
				MTL_ENABLE_DEBUG_INFO = NO;
				SDKROOT = iphoneos;
				VALIDATE_PRODUCT = YES;
			};
			name = Release;
		};
		18DBD7991A314A2600AF3E4D /* Debug */ = {
			isa = XCBuildConfiguration;
			buildSettings = {
				ASSETCATALOG_COMPILER_APPICON_NAME = AppIcon;
				INFOPLIST_FILE = LazyLoadImageWithSD/Info.plist;
				LD_RUNPATH_SEARCH_PATHS = "$(inherited) @executable_path/Frameworks";
				PRODUCT_NAME = "$(TARGET_NAME)";
			};
			name = Debug;
		};
		18DBD79A1A314A2600AF3E4D /* Release */ = {
			isa = XCBuildConfiguration;
			buildSettings = {
				ASSETCATALOG_COMPILER_APPICON_NAME = AppIcon;
				INFOPLIST_FILE = LazyLoadImageWithSD/Info.plist;
				LD_RUNPATH_SEARCH_PATHS = "$(inherited) @executable_path/Frameworks";
				PRODUCT_NAME = "$(TARGET_NAME)";
			};
			name = Release;
		};
		18DBD79C1A314A2600AF3E4D /* Debug */ = {
			isa = XCBuildConfiguration;
			buildSettings = {
				BUNDLE_LOADER = "$(TEST_HOST)";
				FRAMEWORK_SEARCH_PATHS = (
					"$(SDKROOT)/Developer/Library/Frameworks",
					"$(inherited)",
				);
				GCC_PREPROCESSOR_DEFINITIONS = (
					"DEBUG=1",
					"$(inherited)",
				);
				INFOPLIST_FILE = LazyLoadImageWithSDTests/Info.plist;
				LD_RUNPATH_SEARCH_PATHS = "$(inherited) @executable_path/Frameworks @loader_path/Frameworks";
				PRODUCT_NAME = "$(TARGET_NAME)";
				TEST_HOST = "$(BUILT_PRODUCTS_DIR)/LazyLoadImageWithSD.app/LazyLoadImageWithSD";
			};
			name = Debug;
		};
		18DBD79D1A314A2600AF3E4D /* Release */ = {
			isa = XCBuildConfiguration;
			buildSettings = {
				BUNDLE_LOADER = "$(TEST_HOST)";
				FRAMEWORK_SEARCH_PATHS = (
					"$(SDKROOT)/Developer/Library/Frameworks",
					"$(inherited)",
				);
				INFOPLIST_FILE = LazyLoadImageWithSDTests/Info.plist;
				LD_RUNPATH_SEARCH_PATHS = "$(inherited) @executable_path/Frameworks @loader_path/Frameworks";
				PRODUCT_NAME = "$(TARGET_NAME)";
				TEST_HOST = "$(BUILT_PRODUCTS_DIR)/LazyLoadImageWithSD.app/LazyLoadImageWithSD";
			};
			name = Release;
		};
/* End XCBuildConfiguration section */

/* Begin XCConfigurationList section */
		18DBD7701A314A2500AF3E4D /* Build configuration list for PBXProject "LazyLoadImageWithSD" */ = {
			isa = XCConfigurationList;
			buildConfigurations = (
				18DBD7961A314A2600AF3E4D /* Debug */,
				18DBD7971A314A2600AF3E4D /* Release */,
			);
			defaultConfigurationIsVisible = 0;
			defaultConfigurationName = Release;
		};
		18DBD7981A314A2600AF3E4D /* Build configuration list for PBXNativeTarget "LazyLoadImageWithSD" */ = {
			isa = XCConfigurationList;
			buildConfigurations = (
				18DBD7991A314A2600AF3E4D /* Debug */,
				18DBD79A1A314A2600AF3E4D /* Release */,
			);
			defaultConfigurationIsVisible = 0;
		};
		18DBD79B1A314A2600AF3E4D /* Build configuration list for PBXNativeTarget "LazyLoadImageWithSDTests" */ = {
			isa = XCConfigurationList;
			buildConfigurations = (
				18DBD79C1A314A2600AF3E4D /* Debug */,
				18DBD79D1A314A2600AF3E4D /* Release */,
			);
			defaultConfigurationIsVisible = 0;
		};
/* End XCConfigurationList section */
	};
	rootObject = 18DBD76D1A314A2500AF3E4D /* Project object */;
}
